// !$*UTF8*$!
{
	archiveVersion = 1;
	classes = {
	};
	objectVersion = 50;
	objects = {

/* Begin PBXBuildFile section */
		FB11B0372678074E00F6EAA0 /* MasterViewController.swift in Sources */ = {isa = PBXBuildFile; fileRef = FB11B0362678074E00F6EAA0 /* MasterViewController.swift */; };
		FB11B03A2678C1A800F6EAA0 /* ItemMasterTableViewCell.swift in Sources */ = {isa = PBXBuildFile; fileRef = FB11B0382678C1A800F6EAA0 /* ItemMasterTableViewCell.swift */; };
		FB11B03B2678C1A800F6EAA0 /* ItemMasterTableViewCell.xib in Resources */ = {isa = PBXBuildFile; fileRef = FB11B0392678C1A800F6EAA0 /* ItemMasterTableViewCell.xib */; };
		FB11B03E267910A700F6EAA0 /* detailViewModel.swift in Sources */ = {isa = PBXBuildFile; fileRef = FB11B03D267910A700F6EAA0 /* detailViewModel.swift */; };
		FB4999A5267C1A1D00A468DF /* masterViewModel.swift in Sources */ = {isa = PBXBuildFile; fileRef = FB4999A4267C1A1D00A468DF /* masterViewModel.swift */; };
		FB8B34CA267543F700C67317 /* AppDelegate.swift in Sources */ = {isa = PBXBuildFile; fileRef = FB8B34C9267543F700C67317 /* AppDelegate.swift */; };
		FB8B34CC267543F700C67317 /* SceneDelegate.swift in Sources */ = {isa = PBXBuildFile; fileRef = FB8B34CB267543F700C67317 /* SceneDelegate.swift */; };
		FB8B34D1267543F700C67317 /* Main.storyboard in Resources */ = {isa = PBXBuildFile; fileRef = FB8B34CF267543F700C67317 /* Main.storyboard */; };
		FB8B34D3267543F800C67317 /* Assets.xcassets in Resources */ = {isa = PBXBuildFile; fileRef = FB8B34D2267543F800C67317 /* Assets.xcassets */; };
		FB8B34D6267543F800C67317 /* LaunchScreen.storyboard in Resources */ = {isa = PBXBuildFile; fileRef = FB8B34D4267543F800C67317 /* LaunchScreen.storyboard */; };
		FB8B34E026754B2300C67317 /* DetailViewController.swift in Sources */ = {isa = PBXBuildFile; fileRef = FB8B34DF26754B2300C67317 /* DetailViewController.swift */; };
		FB8B34E4267553B100C67317 /* ItemModel.swift in Sources */ = {isa = PBXBuildFile; fileRef = FB8B34E3267553B100C67317 /* ItemModel.swift */; };
		FB8B34E726756C1A00C67317 /* SplitViewController.swift in Sources */ = {isa = PBXBuildFile; fileRef = FB8B34E626756C1A00C67317 /* SplitViewController.swift */; };
/* End PBXBuildFile section */

/* Begin PBXFileReference section */
		FB11B0362678074E00F6EAA0 /* MasterViewController.swift */ = {isa = PBXFileReference; lastKnownFileType = sourcecode.swift; path = MasterViewController.swift; sourceTree = "<group>"; };
		FB11B0382678C1A800F6EAA0 /* ItemMasterTableViewCell.swift */ = {isa = PBXFileReference; lastKnownFileType = sourcecode.swift; path = ItemMasterTableViewCell.swift; sourceTree = "<group>"; };
		FB11B0392678C1A800F6EAA0 /* ItemMasterTableViewCell.xib */ = {isa = PBXFileReference; lastKnownFileType = file.xib; path = ItemMasterTableViewCell.xib; sourceTree = "<group>"; };
		FB11B03D267910A700F6EAA0 /* detailViewModel.swift */ = {isa = PBXFileReference; lastKnownFileType = sourcecode.swift; path = detailViewModel.swift; sourceTree = "<group>"; };
		FB4999A4267C1A1D00A468DF /* masterViewModel.swift */ = {isa = PBXFileReference; lastKnownFileType = sourcecode.swift; path = masterViewModel.swift; sourceTree = "<group>"; };
		FB8B34C6267543F700C67317 /* Task_1.app */ = {isa = PBXFileReference; explicitFileType = wrapper.application; includeInIndex = 0; path = Task_1.app; sourceTree = BUILT_PRODUCTS_DIR; };
		FB8B34C9267543F700C67317 /* AppDelegate.swift */ = {isa = PBXFileReference; lastKnownFileType = sourcecode.swift; path = AppDelegate.swift; sourceTree = "<group>"; };
		FB8B34CB267543F700C67317 /* SceneDelegate.swift */ = {isa = PBXFileReference; lastKnownFileType = sourcecode.swift; path = SceneDelegate.swift; sourceTree = "<group>"; };
		FB8B34D0267543F700C67317 /* Base */ = {isa = PBXFileReference; lastKnownFileType = file.storyboard; name = Base; path = Base.lproj/Main.storyboard; sourceTree = "<group>"; };
		FB8B34D2267543F800C67317 /* Assets.xcassets */ = {isa = PBXFileReference; lastKnownFileType = folder.assetcatalog; path = Assets.xcassets; sourceTree = "<group>"; };
		FB8B34D5267543F800C67317 /* Base */ = {isa = PBXFileReference; lastKnownFileType = file.storyboard; name = Base; path = Base.lproj/LaunchScreen.storyboard; sourceTree = "<group>"; };
		FB8B34D7267543F800C67317 /* Info.plist */ = {isa = PBXFileReference; lastKnownFileType = text.plist.xml; path = Info.plist; sourceTree = "<group>"; };
		FB8B34DF26754B2300C67317 /* DetailViewController.swift */ = {isa = PBXFileReference; lastKnownFileType = sourcecode.swift; path = DetailViewController.swift; sourceTree = "<group>"; };
		FB8B34E3267553B100C67317 /* ItemModel.swift */ = {isa = PBXFileReference; lastKnownFileType = sourcecode.swift; path = ItemModel.swift; sourceTree = "<group>"; };
		FB8B34E626756C1A00C67317 /* SplitViewController.swift */ = {isa = PBXFileReference; lastKnownFileType = sourcecode.swift; path = SplitViewController.swift; sourceTree = "<group>"; };
/* End PBXFileReference section */

/* Begin PBXFrameworksBuildPhase section */
		FB8B34C3267543F700C67317 /* Frameworks */ = {
			isa = PBXFrameworksBuildPhase;
			buildActionMask = 2147483647;
			files = (
			);
			runOnlyForDeploymentPostprocessing = 0;
		};
/* End PBXFrameworksBuildPhase section */

/* Begin PBXGroup section */
		FB11B03C2678D7C800F6EAA0 /* SplitControllers */ = {
			isa = PBXGroup;
			children = (
				FB8B34E626756C1A00C67317 /* SplitViewController.swift */,
			);
			path = SplitControllers;
			sourceTree = "<group>";
		};
		FB8B34BD267543F700C67317 = {
			isa = PBXGroup;
			children = (
				FB8B34C8267543F700C67317 /* Task_1 */,
				FB8B34C7267543F700C67317 /* Products */,
			);
			sourceTree = "<group>";
		};
		FB8B34C7267543F700C67317 /* Products */ = {
			isa = PBXGroup;
			children = (
				FB8B34C6267543F700C67317 /* Task_1.app */,
			);
			name = Products;
			sourceTree = "<group>";
		};
		FB8B34C8267543F700C67317 /* Task_1 */ = {
			isa = PBXGroup;
			children = (
				FB8B34C9267543F700C67317 /* AppDelegate.swift */,
				FB8B34CB267543F700C67317 /* SceneDelegate.swift */,
				FB11B03C2678D7C800F6EAA0 /* SplitControllers */,
				FB8B34E5267553B700C67317 /* Models */,
				FBD292B12676692600096581 /* Cells */,
				FBD292AE2676583500096581 /* ViewControllers */,
				FB8B34CF267543F700C67317 /* Main.storyboard */,
				FB8B34D2267543F800C67317 /* Assets.xcassets */,
				FB8B34D4267543F800C67317 /* LaunchScreen.storyboard */,
				FB8B34D7267543F800C67317 /* Info.plist */,
			);
			path = Task_1;
			sourceTree = "<group>";
		};
		FB8B34E5267553B700C67317 /* Models */ = {
			isa = PBXGroup;
			children = (
				FB8B34E3267553B100C67317 /* ItemModel.swift */,
				FB4999A4267C1A1D00A468DF /* masterViewModel.swift */,
				FB11B03D267910A700F6EAA0 /* detailViewModel.swift */,
			);
			path = Models;
			sourceTree = "<group>";
		};
		FBD292AE2676583500096581 /* ViewControllers */ = {
			isa = PBXGroup;
			children = (
				FB11B0362678074E00F6EAA0 /* MasterViewController.swift */,
				FB8B34DF26754B2300C67317 /* DetailViewController.swift */,
			);
			path = ViewControllers;
			sourceTree = "<group>";
		};
		FBD292B12676692600096581 /* Cells */ = {
			isa = PBXGroup;
			children = (
				FB11B0382678C1A800F6EAA0 /* ItemMasterTableViewCell.swift */,
				FB11B0392678C1A800F6EAA0 /* ItemMasterTableViewCell.xib */,
			);
			path = Cells;
			sourceTree = "<group>";
		};
/* End PBXGroup section */

/* Begin PBXNativeTarget section */
		FB8B34C5267543F700C67317 /* Task_1 */ = {
			isa = PBXNativeTarget;
			buildConfigurationList = FB8B34DA267543F800C67317 /* Build configuration list for PBXNativeTarget "Task_1" */;
			buildPhases = (
				FB8B34C2267543F700C67317 /* Sources */,
				FB8B34C3267543F700C67317 /* Frameworks */,
				FB8B34C4267543F700C67317 /* Resources */,
			);
			buildRules = (
			);
			dependencies = (
			);
			name = Task_1;
			productName = Task_1;
			productReference = FB8B34C6267543F700C67317 /* Task_1.app */;
			productType = "com.apple.product-type.application";
		};
/* End PBXNativeTarget section */

/* Begin PBXProject section */
		FB8B34BE267543F700C67317 /* Project object */ = {
			isa = PBXProject;
			attributes = {
				LastSwiftUpdateCheck = 1250;
				LastUpgradeCheck = 1250;
				TargetAttributes = {
					FB8B34C5267543F700C67317 = {
						CreatedOnToolsVersion = 12.5;
					};
				};
			};
			buildConfigurationList = FB8B34C1267543F700C67317 /* Build configuration list for PBXProject "Task_1" */;
			compatibilityVersion = "Xcode 9.3";
			developmentRegion = en;
			hasScannedForEncodings = 0;
			knownRegions = (
				en,
				Base,
			);
			mainGroup = FB8B34BD267543F700C67317;
			productRefGroup = FB8B34C7267543F700C67317 /* Products */;
			projectDirPath = "";
			projectRoot = "";
			targets = (
				FB8B34C5267543F700C67317 /* Task_1 */,
			);
		};
/* End PBXProject section */

/* Begin PBXResourcesBuildPhase section */
		FB8B34C4267543F700C67317 /* Resources */ = {
			isa = PBXResourcesBuildPhase;
			buildActionMask = 2147483647;
			files = (
				FB11B03B2678C1A800F6EAA0 /* ItemMasterTableViewCell.xib in Resources */,
				FB8B34D6267543F800C67317 /* LaunchScreen.storyboard in Resources */,
				FB8B34D3267543F800C67317 /* Assets.xcassets in Resources */,
				FB8B34D1267543F700C67317 /* Main.storyboard in Resources */,
			);
			runOnlyForDeploymentPostprocessing = 0;
		};
/* End PBXResourcesBuildPhase section */

/* Begin PBXSourcesBuildPhase section */
		FB8B34C2267543F700C67317 /* Sources */ = {
			isa = PBXSourcesBuildPhase;
			buildActionMask = 2147483647;
			files = (
				FB11B03E267910A700F6EAA0 /* detailViewModel.swift in Sources */,
				FB4999A5267C1A1D00A468DF /* masterViewModel.swift in Sources */,
				FB8B34E026754B2300C67317 /* DetailViewController.swift in Sources */,
				FB11B03A2678C1A800F6EAA0 /* ItemMasterTableViewCell.swift in Sources */,
				FB11B0372678074E00F6EAA0 /* MasterViewController.swift in Sources */,
				FB8B34E4267553B100C67317 /* ItemModel.swift in Sources */,
				FB8B34CA267543F700C67317 /* AppDelegate.swift in Sources */,
				FB8B34CC267543F700C67317 /* SceneDelegate.swift in Sources */,
				FB8B34E726756C1A00C67317 /* SplitViewController.swift in Sources */,
			);
			runOnlyForDeploymentPostprocessing = 0;
		};
/* End PBXSourcesBuildPhase section */

/* Begin PBXVariantGroup section */
		FB8B34CF267543F700C67317 /* Main.storyboard */ = {
			isa = PBXVariantGroup;
			children = (
				FB8B34D0267543F700C67317 /* Base */,
			);
			name = Main.storyboard;
			sourceTree = "<group>";
		};
		FB8B34D4267543F800C67317 /* LaunchScreen.storyboard */ = {
			isa = PBXVariantGroup;
			children = (
				FB8B34D5267543F800C67317 /* Base */,
			);
			name = LaunchScreen.storyboard;
			sourceTree = "<group>";
		};
/* End PBXVariantGroup section */

/* Begin XCBuildConfiguration section */
		FB8B34D8267543F800C67317 /* Debug */ = {
			isa = XCBuildConfiguration;
			buildSettings = {
				ALWAYS_SEARCH_USER_PATHS = NO;
				CLANG_ANALYZER_NONNULL = YES;
				CLANG_ANALYZER_NUMBER_OBJECT_CONVERSION = YES_AGGRESSIVE;
				CLANG_CXX_LANGUAGE_STANDARD = "gnu++14";
				CLANG_CXX_LIBRARY = "libc++";
				CLANG_ENABLE_MODULES = YES;
				CLANG_ENABLE_OBJC_ARC = YES;
				CLANG_ENABLE_OBJC_WEAK = YES;
				CLANG_WARN_BLOCK_CAPTURE_AUTORELEASING = YES;
				CLANG_WARN_BOOL_CONVERSION = YES;
				CLANG_WARN_COMMA = YES;
				CLANG_WARN_CONSTANT_CONVERSION = YES;
				CLANG_WARN_DEPRECATED_OBJC_IMPLEMENTATIONS = YES;
				CLANG_WARN_DIRECT_OBJC_ISA_USAGE = YES_ERROR;
				CLANG_WARN_DOCUMENTATION_COMMENTS = YES;
				CLANG_WARN_EMPTY_BODY = YES;
				CLANG_WARN_ENUM_CONVERSION = YES;
				CLANG_WARN_INFINITE_RECURSION = YES;
				CLANG_WARN_INT_CONVERSION = YES;
				CLANG_WARN_NON_LITERAL_NULL_CONVERSION = YES;
				CLANG_WARN_OBJC_IMPLICIT_RETAIN_SELF = YES;
				CLANG_WARN_OBJC_LITERAL_CONVERSION = YES;
				CLANG_WARN_OBJC_ROOT_CLASS = YES_ERROR;
				CLANG_WARN_QUOTED_INCLUDE_IN_FRAMEWORK_HEADER = YES;
				CLANG_WARN_RANGE_LOOP_ANALYSIS = YES;
				CLANG_WARN_STRICT_PROTOTYPES = YES;
				CLANG_WARN_SUSPICIOUS_MOVE = YES;
				CLANG_WARN_UNGUARDED_AVAILABILITY = YES_AGGRESSIVE;
				CLANG_WARN_UNREACHABLE_CODE = YES;
				CLANG_WARN__DUPLICATE_METHOD_MATCH = YES;
				COPY_PHASE_STRIP = NO;
				DEBUG_INFORMATION_FORMAT = dwarf;
				ENABLE_STRICT_OBJC_MSGSEND = YES;
				ENABLE_TESTABILITY = YES;
				GCC_C_LANGUAGE_STANDARD = gnu11;
				GCC_DYNAMIC_NO_PIC = NO;
				GCC_NO_COMMON_BLOCKS = YES;
				GCC_OPTIMIZATION_LEVEL = 0;
				GCC_PREPROCESSOR_DEFINITIONS = (
					"DEBUG=1",
					"$(inherited)",
				);
				GCC_WARN_64_TO_32_BIT_CONVERSION = YES;
				GCC_WARN_ABOUT_RETURN_TYPE = YES_ERROR;
				GCC_WARN_UNDECLARED_SELECTOR = YES;
				GCC_WARN_UNINITIALIZED_AUTOS = YES_AGGRESSIVE;
				GCC_WARN_UNUSED_FUNCTION = YES;
				GCC_WARN_UNUSED_VARIABLE = YES;
				IPHONEOS_DEPLOYMENT_TARGET = 14.5;
				MTL_ENABLE_DEBUG_INFO = INCLUDE_SOURCE;
				MTL_FAST_MATH = YES;
				ONLY_ACTIVE_ARCH = YES;
				SDKROOT = iphoneos;
				SWIFT_ACTIVE_COMPILATION_CONDITIONS = DEBUG;
				SWIFT_OPTIMIZATION_LEVEL = "-Onone";
			};
			name = Debug;
		};
		FB8B34D9267543F800C67317 /* Release */ = {
			isa = XCBuildConfiguration;
			buildSettings = {
				ALWAYS_SEARCH_USER_PATHS = NO;
				CLANG_ANALYZER_NONNULL = YES;
				CLANG_ANALYZER_NUMBER_OBJECT_CONVERSION = YES_AGGRESSIVE;
				CLANG_CXX_LANGUAGE_STANDARD = "gnu++14";
				CLANG_CXX_LIBRARY = "libc++";
				CLANG_ENABLE_MODULES = YES;
				CLANG_ENABLE_OBJC_ARC = YES;
				CLANG_ENABLE_OBJC_WEAK = YES;
				CLANG_WARN_BLOCK_CAPTURE_AUTORELEASING = YES;
				CLANG_WARN_BOOL_CONVERSION = YES;
				CLANG_WARN_COMMA = YES;
				CLANG_WARN_CONSTANT_CONVERSION = YES;
				CLANG_WARN_DEPRECATED_OBJC_IMPLEMENTATIONS = YES;
				CLANG_WARN_DIRECT_OBJC_ISA_USAGE = YES_ERROR;
				CLANG_WARN_DOCUMENTATION_COMMENTS = YES;
				CLANG_WARN_EMPTY_BODY = YES;
				CLANG_WARN_ENUM_CONVERSION = YES;
				CLANG_WARN_INFINITE_RECURSION = YES;
				CLANG_WARN_INT_CONVERSION = YES;
				CLANG_WARN_NON_LITERAL_NULL_CONVERSION = YES;
				CLANG_WARN_OBJC_IMPLICIT_RETAIN_SELF = YES;
				CLANG_WARN_OBJC_LITERAL_CONVERSION = YES;
				CLANG_WARN_OBJC_ROOT_CLASS = YES_ERROR;
				CLANG_WARN_QUOTED_INCLUDE_IN_FRAMEWORK_HEADER = YES;
				CLANG_WARN_RANGE_LOOP_ANALYSIS = YES;
				CLANG_WARN_STRICT_PROTOTYPES = YES;
				CLANG_WARN_SUSPICIOUS_MOVE = YES;
				CLANG_WARN_UNGUARDED_AVAILABILITY = YES_AGGRESSIVE;
				CLANG_WARN_UNREACHABLE_CODE = YES;
				CLANG_WARN__DUPLICATE_METHOD_MATCH = YES;
				COPY_PHASE_STRIP = NO;
				DEBUG_INFORMATION_FORMAT = "dwarf-with-dsym";
				ENABLE_NS_ASSERTIONS = NO;
				ENABLE_STRICT_OBJC_MSGSEND = YES;
				GCC_C_LANGUAGE_STANDARD = gnu11;
				GCC_NO_COMMON_BLOCKS = YES;
				GCC_WARN_64_TO_32_BIT_CONVERSION = YES;
				GCC_WARN_ABOUT_RETURN_TYPE = YES_ERROR;
				GCC_WARN_UNDECLARED_SELECTOR = YES;
				GCC_WARN_UNINITIALIZED_AUTOS = YES_AGGRESSIVE;
				GCC_WARN_UNUSED_FUNCTION = YES;
				GCC_WARN_UNUSED_VARIABLE = YES;
				IPHONEOS_DEPLOYMENT_TARGET = 14.5;
				MTL_ENABLE_DEBUG_INFO = NO;
				MTL_FAST_MATH = YES;
				SDKROOT = iphoneos;
				SWIFT_COMPILATION_MODE = wholemodule;
				SWIFT_OPTIMIZATION_LEVEL = "-O";
				VALIDATE_PRODUCT = YES;
			};
			name = Release;
		};
		FB8B34DB267543F800C67317 /* Debug */ = {
			isa = XCBuildConfiguration;
			buildSettings = {
				ASSETCATALOG_COMPILER_APPICON_NAME = AppIcon;
				ASSETCATALOG_COMPILER_GLOBAL_ACCENT_COLOR_NAME = AccentColor;
				CODE_SIGN_STYLE = Automatic;
				INFOPLIST_FILE = Task_1/Info.plist;
				IPHONEOS_DEPLOYMENT_TARGET = 13.0;
				LD_RUNPATH_SEARCH_PATHS = (
					"$(inherited)",
					"@executable_path/Frameworks",
				);
				PRODUCT_BUNDLE_IDENTIFIER = "devrealkir.Task-1";
				PRODUCT_NAME = "$(TARGET_NAME)";
				SWIFT_VERSION = 5.0;
				TARGETED_DEVICE_FAMILY = "1,2";
			};
			name = Debug;
		};
		FB8B34DC267543F800C67317 /* Release */ = {
			isa = XCBuildConfiguration;
			buildSettings = {
				ASSETCATALOG_COMPILER_APPICON_NAME = AppIcon;
				ASSETCATALOG_COMPILER_GLOBAL_ACCENT_COLOR_NAME = AccentColor;
				CODE_SIGN_STYLE = Automatic;
				INFOPLIST_FILE = Task_1/Info.plist;
				IPHONEOS_DEPLOYMENT_TARGET = 13.0;
				LD_RUNPATH_SEARCH_PATHS = (
					"$(inherited)",
					"@executable_path/Frameworks",
				);
				PRODUCT_BUNDLE_IDENTIFIER = "devrealkir.Task-1";
				PRODUCT_NAME = "$(TARGET_NAME)";
				SWIFT_VERSION = 5.0;
				TARGETED_DEVICE_FAMILY = "1,2";
			};
			name = Release;
		};
/* End XCBuildConfiguration section */

/* Begin XCConfigurationList section */
		FB8B34C1267543F700C67317 /* Build configuration list for PBXProject "Task_1" */ = {
			isa = XCConfigurationList;
			buildConfigurations = (
				FB8B34D8267543F800C67317 /* Debug */,
				FB8B34D9267543F800C67317 /* Release */,
			);
			defaultConfigurationIsVisible = 0;
			defaultConfigurationName = Release;
		};
		FB8B34DA267543F800C67317 /* Build configuration list for PBXNativeTarget "Task_1" */ = {
			isa = XCConfigurationList;
			buildConfigurations = (
				FB8B34DB267543F800C67317 /* Debug */,
				FB8B34DC267543F800C67317 /* Release */,
			);
			defaultConfigurationIsVisible = 0;
			defaultConfigurationName = Release;
		};
/* End XCConfigurationList section */
	};
	rootObject = FB8B34BE267543F700C67317 /* Project object */;
}
